
Microsoft Visual Studio Solution File, Format Version 12.00
# Visual Studio 15
VisualStudioVersion = 15.0.27004.2010
MinimumVisualStudioVersion = 10.0.40219.1
Project("{FAE04EC0-301F-11D3-BF4B-00C04F79EFBC}") = "Advent_of_code_day_5", "Advent_of_code_day_5\Advent_of_code_day_5.csproj", "{575987E0-5D70-4516-994C-16533F6DA75B}"
EndProject
Global
	GlobalSection(SolutionConfigurationPlatforms) = preSolution
		Debug|Any CPU = Debug|Any CPU
		Release|Any CPU = Release|Any CPU
	EndGlobalSection
	GlobalSection(ProjectConfigurationPlatforms) = postSolution
		{575987E0-5D70-4516-994C-16533F6DA75B}.Debug|Any CPU.ActiveCfg = Debug|Any CPU
		{575987E0-5D70-4516-994C-16533F6DA75B}.Debug|Any CPU.Build.0 = Debug|Any CPU
		{575987E0-5D70-4516-994C-16533F6DA75B}.Release|Any CPU.ActiveCfg = Release|Any CPU
		{575987E0-5D70-4516-994C-16533F6DA75B}.Release|Any CPU.Build.0 = Release|Any CPU
	EndGlobalSection
	GlobalSection(SolutionProperties) = preSolution
		HideSolutionNode = FALSE
	EndGlobalSection
	GlobalSection(ExtensibilityGlobals) = postSolution
		SolutionGuid = {33E3E893-B080-44D6-9245-40AB4B9C97E5}
	EndGlobalSection
EndGlobal
