
Microsoft Visual Studio Solution File, Format Version 12.00
# Visual Studio 15
VisualStudioVersion = 15.0.27004.2005
MinimumVisualStudioVersion = 10.0.40219.1
Project("{FAE04EC0-301F-11D3-BF4B-00C04F79EFBC}") = "ConsoleApp2", "ConsoleApp2\ConsoleApp2.csproj", "{798C4A32-B668-4837-8899-8C3E71F42565}"
EndProject
Global
	GlobalSection(SolutionConfigurationPlatforms) = preSolution
		Debug|Any CPU = Debug|Any CPU
		Release|Any CPU = Release|Any CPU
	EndGlobalSection
	GlobalSection(ProjectConfigurationPlatforms) = postSolution
		{798C4A32-B668-4837-8899-8C3E71F42565}.Debug|Any CPU.ActiveCfg = Debug|Any CPU
		{798C4A32-B668-4837-8899-8C3E71F42565}.Debug|Any CPU.Build.0 = Debug|Any CPU
		{798C4A32-B668-4837-8899-8C3E71F42565}.Release|Any CPU.ActiveCfg = Release|Any CPU
		{798C4A32-B668-4837-8899-8C3E71F42565}.Release|Any CPU.Build.0 = Release|Any CPU
	EndGlobalSection
	GlobalSection(SolutionProperties) = preSolution
		HideSolutionNode = FALSE
	EndGlobalSection
	GlobalSection(ExtensibilityGlobals) = postSolution
		SolutionGuid = {5E3F0DEC-BD94-4F1C-BA71-B693F03FEF40}
	EndGlobalSection
EndGlobal
