
Microsoft Visual Studio Solution File, Format Version 12.00
# Visual Studio 15
VisualStudioVersion = 15.0.27004.2010
MinimumVisualStudioVersion = 10.0.40219.1
Project("{FAE04EC0-301F-11D3-BF4B-00C04F79EFBC}") = "Advent_of_code_2017_day_6", "Advent_of_code_2017_day_6\Advent_of_code_2017_day_6.csproj", "{93CB3A35-1939-4A5B-8E5D-C3A9474BF30A}"
EndProject
Global
	GlobalSection(SolutionConfigurationPlatforms) = preSolution
		Debug|Any CPU = Debug|Any CPU
		Release|Any CPU = Release|Any CPU
	EndGlobalSection
	GlobalSection(ProjectConfigurationPlatforms) = postSolution
		{93CB3A35-1939-4A5B-8E5D-C3A9474BF30A}.Debug|Any CPU.ActiveCfg = Debug|Any CPU
		{93CB3A35-1939-4A5B-8E5D-C3A9474BF30A}.Debug|Any CPU.Build.0 = Debug|Any CPU
		{93CB3A35-1939-4A5B-8E5D-C3A9474BF30A}.Release|Any CPU.ActiveCfg = Release|Any CPU
		{93CB3A35-1939-4A5B-8E5D-C3A9474BF30A}.Release|Any CPU.Build.0 = Release|Any CPU
	EndGlobalSection
	GlobalSection(SolutionProperties) = preSolution
		HideSolutionNode = FALSE
	EndGlobalSection
	GlobalSection(ExtensibilityGlobals) = postSolution
		SolutionGuid = {8534FBCE-9879-4961-ACD1-7342FDC132E7}
	EndGlobalSection
EndGlobal
