
Microsoft Visual Studio Solution File, Format Version 12.00
# Visual Studio 15
VisualStudioVersion = 15.0.27004.2010
MinimumVisualStudioVersion = 10.0.40219.1
Project("{FAE04EC0-301F-11D3-BF4B-00C04F79EFBC}") = "Adventure_of_code_day3", "Adventure_of_code_day3\Adventure_of_code_day3.csproj", "{3EAF4F87-5881-4E42-889A-45ED59175539}"
EndProject
Global
	GlobalSection(SolutionConfigurationPlatforms) = preSolution
		Debug|Any CPU = Debug|Any CPU
		Release|Any CPU = Release|Any CPU
	EndGlobalSection
	GlobalSection(ProjectConfigurationPlatforms) = postSolution
		{3EAF4F87-5881-4E42-889A-45ED59175539}.Debug|Any CPU.ActiveCfg = Debug|Any CPU
		{3EAF4F87-5881-4E42-889A-45ED59175539}.Debug|Any CPU.Build.0 = Debug|Any CPU
		{3EAF4F87-5881-4E42-889A-45ED59175539}.Release|Any CPU.ActiveCfg = Release|Any CPU
		{3EAF4F87-5881-4E42-889A-45ED59175539}.Release|Any CPU.Build.0 = Release|Any CPU
	EndGlobalSection
	GlobalSection(SolutionProperties) = preSolution
		HideSolutionNode = FALSE
	EndGlobalSection
	GlobalSection(ExtensibilityGlobals) = postSolution
		SolutionGuid = {040A0FAE-5DB7-4087-A1EE-1B0789AC5B3D}
	EndGlobalSection
EndGlobal
